{
  "pins" : [
    {
      "identity" : "purchases-ios-spm",
      "kind" : "remoteSourceControl",
      "location" : "https://github.com/RevenueCat/purchases-ios-spm.git",
      "state" : {
        "revision" : "966743b0d4353fae28300df677fe303607fd75d0",
        "version" : "4.41.2"
      }
    }
  ],
  "version" : 2
}
