// !$*UTF8*$!
{
	archiveVersion = 1;
	classes = {
	};
	objectVersion = 56;
	objects = {

/* Begin PBXBuildFile section */
		8B34D5012BF7023C00F5C789 /* DewieAppApp.swift in Sources */ = {isa = PBXBuildFile; fileRef = 8B34D5002BF7023C00F5C789 /* DewieAppApp.swift */; };
		8B34D5072BF7023D00F5C789 /* Assets.xcassets in Resources */ = {isa = PBXBuildFile; fileRef = 8B34D5062BF7023D00F5C789 /* Assets.xcassets */; };
		8B34D50A2BF7023D00F5C789 /* Preview Assets.xcassets in Resources */ = {isa = PBXBuildFile; fileRef = 8B34D5092BF7023D00F5C789 /* Preview Assets.xcassets */; };
		8B34D5122BF7037F00F5C789 /* WelcomeScreen.swift in Sources */ = {isa = PBXBuildFile; fileRef = 8B34D5112BF7037F00F5C789 /* WelcomeScreen.swift */; };
		8B34D5592BF7124A00F5C789 /* Officer.swift in Sources */ = {isa = PBXBuildFile; fileRef = 8B34D5582BF7124A00F5C789 /* Officer.swift */; };
		8B34D55B2BF7142E00F5C789 /* Report.swift in Sources */ = {isa = PBXBuildFile; fileRef = 8B34D55A2BF7142E00F5C789 /* Report.swift */; };
		8B34D55D2BF7174600F5C789 /* TypeAliases.swift in Sources */ = {isa = PBXBuildFile; fileRef = 8B34D55C2BF7174600F5C789 /* TypeAliases.swift */; };
		8B34D55F2BF718E500F5C789 /* NewOfficerProfileView.swift in Sources */ = {isa = PBXBuildFile; fileRef = 8B34D55E2BF718E500F5C789 /* NewOfficerProfileView.swift */; };
		8B34D5622BF71AEF00F5C789 /* String+Extensions.swift in Sources */ = {isa = PBXBuildFile; fileRef = 8B34D5612BF71AEF00F5C789 /* String+Extensions.swift */; };
		8B34D5642BF71E6B00F5C789 /* HomeScreen.swift in Sources */ = {isa = PBXBuildFile; fileRef = 8B34D5632BF71E6B00F5C789 /* HomeScreen.swift */; };
		8B34D5662BF71EEE00F5C789 /* PreviewSwiftData.swift in Sources */ = {isa = PBXBuildFile; fileRef = 8B34D5652BF71EEE00F5C789 /* PreviewSwiftData.swift */; };
		8B34D56A2BF7255D00F5C789 /* OfficerProfileView.swift in Sources */ = {isa = PBXBuildFile; fileRef = 8B34D5692BF7255D00F5C789 /* OfficerProfileView.swift */; };
		8B7106942BFDA25A008DED13 /* StoreKit.framework in Frameworks */ = {isa = PBXBuildFile; fileRef = 8B7106932BFDA25A008DED13 /* StoreKit.framework */; };
		8B7106992BFDACC0008DED13 /* OfficerManager.swift in Sources */ = {isa = PBXBuildFile; fileRef = 8B7106982BFDACC0008DED13 /* OfficerManager.swift */; };
		8B71069B2BFDB4C2008DED13 /* PriorReportView.swift in Sources */ = {isa = PBXBuildFile; fileRef = 8B71069A2BFDB4C2008DED13 /* PriorReportView.swift */; };
		8B71069D2BFDB512008DED13 /* ReportExport.swift in Sources */ = {isa = PBXBuildFile; fileRef = 8B71069C2BFDB512008DED13 /* ReportExport.swift */; };
		8B71069F2BFDB5B7008DED13 /* ReportsView.swift in Sources */ = {isa = PBXBuildFile; fileRef = 8B71069E2BFDB5B7008DED13 /* ReportsView.swift */; };
		8B7106A52C00507A008DED13 /* DepartmentLoginScreen.swift in Sources */ = {isa = PBXBuildFile; fileRef = 8B7106A42C00507A008DED13 /* DepartmentLoginScreen.swift */; };
		8B7106A72C0050CC008DED13 /* NewReportView.swift in Sources */ = {isa = PBXBuildFile; fileRef = 8B7106A62C0050CC008DED13 /* NewReportView.swift */; };
		8B7106AE2C0051CA008DED13 /* HGNTestView.swift in Sources */ = {isa = PBXBuildFile; fileRef = 8B7106AB2C0051CA008DED13 /* HGNTestView.swift */; };
		8B7106AF2C0051CA008DED13 /* OneLegStandTestView.swift in Sources */ = {isa = PBXBuildFile; fileRef = 8B7106AC2C0051CA008DED13 /* OneLegStandTestView.swift */; };
		8B7106B02C0051CA008DED13 /* WalkAndTurnTestView.swift in Sources */ = {isa = PBXBuildFile; fileRef = 8B7106AD2C0051CA008DED13 /* WalkAndTurnTestView.swift */; };
		8B7106B22C005F31008DED13 /* OfficerListView.swift in Sources */ = {isa = PBXBuildFile; fileRef = 8B7106B12C005F30008DED13 /* OfficerListView.swift */; };
		8B7106B42C006139008DED13 /* DepartmentReturningOfficerScreen.swift in Sources */ = {isa = PBXBuildFile; fileRef = 8B7106B32C006139008DED13 /* DepartmentReturningOfficerScreen.swift */; };
		8BA381BC2C01A56400C69814 /* LoadingScreen.swift in Sources */ = {isa = PBXBuildFile; fileRef = 8BA381BB2C01A56400C69814 /* LoadingScreen.swift */; };
		8BA381BE2C01AB2C00C69814 /* StateManager.swift in Sources */ = {isa = PBXBuildFile; fileRef = 8BA381BD2C01AB2C00C69814 /* StateManager.swift */; };
		8BA381C02C0675C900C69814 /* ReportManager.swift in Sources */ = {isa = PBXBuildFile; fileRef = 8BA381BF2C0675C900C69814 /* ReportManager.swift */; };
		8BA381C22C06816500C69814 /* License.swift in Sources */ = {isa = PBXBuildFile; fileRef = 8BA381C12C06816500C69814 /* License.swift */; };
		8BB2F1CD2BFD5D3F005395D7 /* SubscriptionManager.swift in Sources */ = {isa = PBXBuildFile; fileRef = 8BB2F1CC2BFD5D3F005395D7 /* SubscriptionManager.swift */; };
		8BB2F1D02BFD5D55005395D7 /* ReceiptParser in Frameworks */ = {isa = PBXBuildFile; productRef = 8BB2F1CF2BFD5D55005395D7 /* ReceiptParser */; };
		8BB2F1D22BFD5D55005395D7 /* RevenueCat in Frameworks */ = {isa = PBXBuildFile; productRef = 8BB2F1D12BFD5D55005395D7 /* RevenueCat */; };
		8BB2F1D42BFD5D55005395D7 /* RevenueCatUI in Frameworks */ = {isa = PBXBuildFile; productRef = 8BB2F1D32BFD5D55005395D7 /* RevenueCatUI */; };
		8BFBA1EA2C3871E100BA57C2 /* dewieForm.pdf in Resources */ = {isa = PBXBuildFile; fileRef = 8BFBA1E92C3871E100BA57C2 /* dewieForm.pdf */; };
		8BFBA1EC2C3878EE00BA57C2 /* ImagePicker.swift in Sources */ = {isa = PBXBuildFile; fileRef = 8BFBA1EB2C3878EE00BA57C2 /* ImagePicker.swift */; };
/* End PBXBuildFile section */

/* Begin PBXFileReference section */
		8B34D4FD2BF7023C00F5C789 /* DewieApp.app */ = {isa = PBXFileReference; explicitFileType = wrapper.application; includeInIndex = 0; path = DewieApp.app; sourceTree = BUILT_PRODUCTS_DIR; };
		8B34D5002BF7023C00F5C789 /* DewieAppApp.swift */ = {isa = PBXFileReference; lastKnownFileType = sourcecode.swift; path = DewieAppApp.swift; sourceTree = "<group>"; };
		8B34D5062BF7023D00F5C789 /* Assets.xcassets */ = {isa = PBXFileReference; lastKnownFileType = folder.assetcatalog; path = Assets.xcassets; sourceTree = "<group>"; };
		8B34D5092BF7023D00F5C789 /* Preview Assets.xcassets */ = {isa = PBXFileReference; lastKnownFileType = folder.assetcatalog; path = "Preview Assets.xcassets"; sourceTree = "<group>"; };
		8B34D5102BF7033300F5C789 /* Info.plist */ = {isa = PBXFileReference; lastKnownFileType = text.plist; path = Info.plist; sourceTree = "<group>"; };
		8B34D5112BF7037F00F5C789 /* WelcomeScreen.swift */ = {isa = PBXFileReference; lastKnownFileType = sourcecode.swift; path = WelcomeScreen.swift; sourceTree = "<group>"; };
		8B34D5582BF7124A00F5C789 /* Officer.swift */ = {isa = PBXFileReference; lastKnownFileType = sourcecode.swift; path = Officer.swift; sourceTree = "<group>"; };
		8B34D55A2BF7142E00F5C789 /* Report.swift */ = {isa = PBXFileReference; lastKnownFileType = sourcecode.swift; path = Report.swift; sourceTree = "<group>"; };
		8B34D55C2BF7174600F5C789 /* TypeAliases.swift */ = {isa = PBXFileReference; lastKnownFileType = sourcecode.swift; path = TypeAliases.swift; sourceTree = "<group>"; };
		8B34D55E2BF718E500F5C789 /* NewOfficerProfileView.swift */ = {isa = PBXFileReference; lastKnownFileType = sourcecode.swift; path = NewOfficerProfileView.swift; sourceTree = "<group>"; };
		8B34D5612BF71AEF00F5C789 /* String+Extensions.swift */ = {isa = PBXFileReference; lastKnownFileType = sourcecode.swift; path = "String+Extensions.swift"; sourceTree = "<group>"; };
		8B34D5632BF71E6B00F5C789 /* HomeScreen.swift */ = {isa = PBXFileReference; lastKnownFileType = sourcecode.swift; path = HomeScreen.swift; sourceTree = "<group>"; };
		8B34D5652BF71EEE00F5C789 /* PreviewSwiftData.swift */ = {isa = PBXFileReference; fileEncoding = 4; lastKnownFileType = sourcecode.swift; name = PreviewSwiftData.swift; path = DewieOld/Dewie/Models/SwiftData/PreviewSwiftData.swift; sourceTree = SOURCE_ROOT; };
		8B34D5692BF7255D00F5C789 /* OfficerProfileView.swift */ = {isa = PBXFileReference; lastKnownFileType = sourcecode.swift; path = OfficerProfileView.swift; sourceTree = "<group>"; };
		8B7106932BFDA25A008DED13 /* StoreKit.framework */ = {isa = PBXFileReference; lastKnownFileType = wrapper.framework; name = StoreKit.framework; path = System/Library/Frameworks/StoreKit.framework; sourceTree = SDKROOT; };
		8B7106982BFDACC0008DED13 /* OfficerManager.swift */ = {isa = PBXFileReference; lastKnownFileType = sourcecode.swift; path = OfficerManager.swift; sourceTree = "<group>"; };
		8B71069A2BFDB4C2008DED13 /* PriorReportView.swift */ = {isa = PBXFileReference; fileEncoding = 4; lastKnownFileType = sourcecode.swift; path = PriorReportView.swift; sourceTree = "<group>"; };
		8B71069C2BFDB512008DED13 /* ReportExport.swift */ = {isa = PBXFileReference; fileEncoding = 4; lastKnownFileType = sourcecode.swift; path = ReportExport.swift; sourceTree = "<group>"; };
		8B71069E2BFDB5B7008DED13 /* ReportsView.swift */ = {isa = PBXFileReference; fileEncoding = 4; lastKnownFileType = sourcecode.swift; path = ReportsView.swift; sourceTree = "<group>"; };
		8B7106A42C00507A008DED13 /* DepartmentLoginScreen.swift */ = {isa = PBXFileReference; lastKnownFileType = sourcecode.swift; path = DepartmentLoginScreen.swift; sourceTree = "<group>"; };
		8B7106A62C0050CC008DED13 /* NewReportView.swift */ = {isa = PBXFileReference; fileEncoding = 4; lastKnownFileType = sourcecode.swift; path = NewReportView.swift; sourceTree = "<group>"; };
		8B7106AB2C0051CA008DED13 /* HGNTestView.swift */ = {isa = PBXFileReference; fileEncoding = 4; lastKnownFileType = sourcecode.swift; path = HGNTestView.swift; sourceTree = "<group>"; };
		8B7106AC2C0051CA008DED13 /* OneLegStandTestView.swift */ = {isa = PBXFileReference; fileEncoding = 4; lastKnownFileType = sourcecode.swift; path = OneLegStandTestView.swift; sourceTree = "<group>"; };
		8B7106AD2C0051CA008DED13 /* WalkAndTurnTestView.swift */ = {isa = PBXFileReference; fileEncoding = 4; lastKnownFileType = sourcecode.swift; path = WalkAndTurnTestView.swift; sourceTree = "<group>"; };
		8B7106B12C005F30008DED13 /* OfficerListView.swift */ = {isa = PBXFileReference; fileEncoding = 4; lastKnownFileType = sourcecode.swift; path = OfficerListView.swift; sourceTree = "<group>"; };
		8B7106B32C006139008DED13 /* DepartmentReturningOfficerScreen.swift */ = {isa = PBXFileReference; fileEncoding = 4; lastKnownFileType = sourcecode.swift; path = DepartmentReturningOfficerScreen.swift; sourceTree = "<group>"; };
		8BA381BB2C01A56400C69814 /* LoadingScreen.swift */ = {isa = PBXFileReference; lastKnownFileType = sourcecode.swift; path = LoadingScreen.swift; sourceTree = "<group>"; };
		8BA381BD2C01AB2C00C69814 /* StateManager.swift */ = {isa = PBXFileReference; lastKnownFileType = sourcecode.swift; path = StateManager.swift; sourceTree = "<group>"; };
		8BA381BF2C0675C900C69814 /* ReportManager.swift */ = {isa = PBXFileReference; lastKnownFileType = sourcecode.swift; path = ReportManager.swift; sourceTree = "<group>"; };
		8BA381C12C06816500C69814 /* License.swift */ = {isa = PBXFileReference; lastKnownFileType = sourcecode.swift; path = License.swift; sourceTree = "<group>"; };
		8BB2F1CC2BFD5D3F005395D7 /* SubscriptionManager.swift */ = {isa = PBXFileReference; lastKnownFileType = sourcecode.swift; path = SubscriptionManager.swift; sourceTree = "<group>"; };
		8BFBA1E92C3871E100BA57C2 /* dewieForm.pdf */ = {isa = PBXFileReference; lastKnownFileType = image.pdf; path = dewieForm.pdf; sourceTree = "<group>"; };
		8BFBA1EB2C3878EE00BA57C2 /* ImagePicker.swift */ = {isa = PBXFileReference; lastKnownFileType = sourcecode.swift; path = ImagePicker.swift; sourceTree = "<group>"; };
/* End PBXFileReference section */

/* Begin PBXFrameworksBuildPhase section */
		8B34D4FA2BF7023C00F5C789 /* Frameworks */ = {
			isa = PBXFrameworksBuildPhase;
			buildActionMask = 2147483647;
			files = (
				8BB2F1D22BFD5D55005395D7 /* RevenueCat in Frameworks */,
				8BB2F1D02BFD5D55005395D7 /* ReceiptParser in Frameworks */,
				8BB2F1D42BFD5D55005395D7 /* RevenueCatUI in Frameworks */,
				8B7106942BFDA25A008DED13 /* StoreKit.framework in Frameworks */,
			);
			runOnlyForDeploymentPostprocessing = 0;
		};
/* End PBXFrameworksBuildPhase section */

/* Begin PBXGroup section */
		8B34D4F42BF7023C00F5C789 = {
			isa = PBXGroup;
			children = (
				8B34D4FF2BF7023C00F5C789 /* DewieApp */,
				8B34D4FE2BF7023C00F5C789 /* Products */,
				8B7106922BFDA25A008DED13 /* Frameworks */,
			);
			sourceTree = "<group>";
		};
		8B34D4FE2BF7023C00F5C789 /* Products */ = {
			isa = PBXGroup;
			children = (
				8B34D4FD2BF7023C00F5C789 /* DewieApp.app */,
			);
			name = Products;
			sourceTree = "<group>";
		};
		8B34D4FF2BF7023C00F5C789 /* DewieApp */ = {
			isa = PBXGroup;
			children = (
				8B34D5102BF7033300F5C789 /* Info.plist */,
				8B34D5002BF7023C00F5C789 /* DewieAppApp.swift */,
				8B34D5542BF7051100F5C789 /* Models */,
				8B34D5552BF7051600F5C789 /* Screens */,
				8B34D5562BF7051C00F5C789 /* Views */,
				8B34D5572BF7052500F5C789 /* PreviewContent */,
				8B34D5062BF7023D00F5C789 /* Assets.xcassets */,
				8B34D5082BF7023D00F5C789 /* Preview Content */,
			);
			path = DewieApp;
			sourceTree = "<group>";
		};
		8B34D5082BF7023D00F5C789 /* Preview Content */ = {
			isa = PBXGroup;
			children = (
				8B34D5092BF7023D00F5C789 /* Preview Assets.xcassets */,
			);
			path = "Preview Content";
			sourceTree = "<group>";
		};
		8B34D5542BF7051100F5C789 /* Models */ = {
			isa = PBXGroup;
			children = (
				8BA381C62C0682E200C69814 /* DataModels */,
				8BA381C52C0682C900C69814 /* Managers */,
				8B34D5652BF71EEE00F5C789 /* PreviewSwiftData.swift */,
				8B34D55C2BF7174600F5C789 /* TypeAliases.swift */,
				8B71069C2BFDB512008DED13 /* ReportExport.swift */,
				8B34D5602BF71ADD00F5C789 /* Extensions */,
				8BFBA1E92C3871E100BA57C2 /* dewieForm.pdf */,
				8BFBA1EB2C3878EE00BA57C2 /* ImagePicker.swift */,
			);
			path = Models;
			sourceTree = "<group>";
		};
		8B34D5552BF7051600F5C789 /* Screens */ = {
			isa = PBXGroup;
			children = (
				8B34D5112BF7037F00F5C789 /* WelcomeScreen.swift */,
				8B34D5632BF71E6B00F5C789 /* HomeScreen.swift */,
				8B7106A42C00507A008DED13 /* DepartmentLoginScreen.swift */,
				8B7106B32C006139008DED13 /* DepartmentReturningOfficerScreen.swift */,
				8BA381BB2C01A56400C69814 /* LoadingScreen.swift */,
			);
			path = Screens;
			sourceTree = "<group>";
		};
		8B34D5562BF7051C00F5C789 /* Views */ = {
			isa = PBXGroup;
			children = (
				8B7106AA2C0051C1008DED13 /* Tests */,
				8B7106A92C0051A6008DED13 /* Officer */,
				8B7106A82C00519A008DED13 /* Reports */,
			);
			path = Views;
			sourceTree = "<group>";
		};
		8B34D5572BF7052500F5C789 /* PreviewContent */ = {
			isa = PBXGroup;
			children = (
			);
			path = PreviewContent;
			sourceTree = "<group>";
		};
		8B34D5602BF71ADD00F5C789 /* Extensions */ = {
			isa = PBXGroup;
			children = (
				8B34D5612BF71AEF00F5C789 /* String+Extensions.swift */,
			);
			path = Extensions;
			sourceTree = "<group>";
		};
		8B7106922BFDA25A008DED13 /* Frameworks */ = {
			isa = PBXGroup;
			children = (
				8B7106932BFDA25A008DED13 /* StoreKit.framework */,
			);
			name = Frameworks;
			sourceTree = "<group>";
		};
		8B7106A82C00519A008DED13 /* Reports */ = {
			isa = PBXGroup;
			children = (
				8B71069E2BFDB5B7008DED13 /* ReportsView.swift */,
				8B7106A62C0050CC008DED13 /* NewReportView.swift */,
				8B71069A2BFDB4C2008DED13 /* PriorReportView.swift */,
			);
			path = Reports;
			sourceTree = "<group>";
		};
		8B7106A92C0051A6008DED13 /* Officer */ = {
			isa = PBXGroup;
			children = (
				8B34D55E2BF718E500F5C789 /* NewOfficerProfileView.swift */,
				8B34D5692BF7255D00F5C789 /* OfficerProfileView.swift */,
				8B7106B12C005F30008DED13 /* OfficerListView.swift */,
			);
			path = Officer;
			sourceTree = "<group>";
		};
		8B7106AA2C0051C1008DED13 /* Tests */ = {
			isa = PBXGroup;
			children = (
				8B7106AB2C0051CA008DED13 /* HGNTestView.swift */,
				8B7106AD2C0051CA008DED13 /* WalkAndTurnTestView.swift */,
				8B7106AC2C0051CA008DED13 /* OneLegStandTestView.swift */,
			);
			path = Tests;
			sourceTree = "<group>";
		};
		8BA381C52C0682C900C69814 /* Managers */ = {
			isa = PBXGroup;
			children = (
				8B7106982BFDACC0008DED13 /* OfficerManager.swift */,
				8BA381BF2C0675C900C69814 /* ReportManager.swift */,
				8BB2F1CC2BFD5D3F005395D7 /* SubscriptionManager.swift */,
				8BA381BD2C01AB2C00C69814 /* StateManager.swift */,
			);
			path = Managers;
			sourceTree = "<group>";
		};
		8BA381C62C0682E200C69814 /* DataModels */ = {
			isa = PBXGroup;
			children = (
				8BA381C12C06816500C69814 /* License.swift */,
				8B34D55A2BF7142E00F5C789 /* Report.swift */,
				8B34D5582BF7124A00F5C789 /* Officer.swift */,
			);
			path = DataModels;
			sourceTree = "<group>";
		};
/* End PBXGroup section */

/* Begin PBXNativeTarget section */
		8B34D4FC2BF7023C00F5C789 /* DewieApp */ = {
			isa = PBXNativeTarget;
			buildConfigurationList = 8B34D50D2BF7023D00F5C789 /* Build configuration list for PBXNativeTarget "DewieApp" */;
			buildPhases = (
				8B34D4F92BF7023C00F5C789 /* Sources */,
				8B34D4FA2BF7023C00F5C789 /* Frameworks */,
				8B34D4FB2BF7023C00F5C789 /* Resources */,
			);
			buildRules = (
			);
			dependencies = (
			);
			name = DewieApp;
			packageProductDependencies = (
				8BB2F1CF2BFD5D55005395D7 /* ReceiptParser */,
				8BB2F1D12BFD5D55005395D7 /* RevenueCat */,
				8BB2F1D32BFD5D55005395D7 /* RevenueCatUI */,
			);
			productName = DewieApp;
			productReference = 8B34D4FD2BF7023C00F5C789 /* DewieApp.app */;
			productType = "com.apple.product-type.application";
		};
/* End PBXNativeTarget section */

/* Begin PBXProject section */
		8B34D4F52BF7023C00F5C789 /* Project object */ = {
			isa = PBXProject;
			attributes = {
				BuildIndependentTargetsInParallel = 1;
				LastSwiftUpdateCheck = 1520;
				LastUpgradeCheck = 1520;
				TargetAttributes = {
					8B34D4FC2BF7023C00F5C789 = {
						CreatedOnToolsVersion = 15.2;
					};
				};
			};
			buildConfigurationList = 8B34D4F82BF7023C00F5C789 /* Build configuration list for PBXProject "DewieApp" */;
			compatibilityVersion = "Xcode 14.0";
			developmentRegion = en;
			hasScannedForEncodings = 0;
			knownRegions = (
				en,
				Base,
			);
			mainGroup = 8B34D4F42BF7023C00F5C789;
			packageReferences = (
				8BB2F1CE2BFD5D55005395D7 /* XCRemoteSwiftPackageReference "purchases-ios-spm" */,
			);
			productRefGroup = 8B34D4FE2BF7023C00F5C789 /* Products */;
			projectDirPath = "";
			projectRoot = "";
			targets = (
				8B34D4FC2BF7023C00F5C789 /* DewieApp */,
			);
		};
/* End PBXProject section */

/* Begin PBXResourcesBuildPhase section */
		8B34D4FB2BF7023C00F5C789 /* Resources */ = {
			isa = PBXResourcesBuildPhase;
			buildActionMask = 2147483647;
			files = (
				8B34D50A2BF7023D00F5C789 /* Preview Assets.xcassets in Resources */,
				8B34D5072BF7023D00F5C789 /* Assets.xcassets in Resources */,
				8BFBA1EA2C3871E100BA57C2 /* dewieForm.pdf in Resources */,
			);
			runOnlyForDeploymentPostprocessing = 0;
		};
/* End PBXResourcesBuildPhase section */

/* Begin PBXSourcesBuildPhase section */
		8B34D4F92BF7023C00F5C789 /* Sources */ = {
			isa = PBXSourcesBuildPhase;
			buildActionMask = 2147483647;
			files = (
				8B7106992BFDACC0008DED13 /* OfficerManager.swift in Sources */,
				8B7106A52C00507A008DED13 /* DepartmentLoginScreen.swift in Sources */,
				8B34D56A2BF7255D00F5C789 /* OfficerProfileView.swift in Sources */,
				8BFBA1EC2C3878EE00BA57C2 /* ImagePicker.swift in Sources */,
				8BA381C22C06816500C69814 /* License.swift in Sources */,
				8B7106B42C006139008DED13 /* DepartmentReturningOfficerScreen.swift in Sources */,
				8B34D5122BF7037F00F5C789 /* WelcomeScreen.swift in Sources */,
				8B7106AF2C0051CA008DED13 /* OneLegStandTestView.swift in Sources */,
				8B34D5592BF7124A00F5C789 /* Officer.swift in Sources */,
				8B7106A72C0050CC008DED13 /* NewReportView.swift in Sources */,
				8BA381BC2C01A56400C69814 /* LoadingScreen.swift in Sources */,
				8B34D5622BF71AEF00F5C789 /* String+Extensions.swift in Sources */,
				8B34D55F2BF718E500F5C789 /* NewOfficerProfileView.swift in Sources */,
				8B34D5662BF71EEE00F5C789 /* PreviewSwiftData.swift in Sources */,
				8B7106B22C005F31008DED13 /* OfficerListView.swift in Sources */,
				8B34D5642BF71E6B00F5C789 /* HomeScreen.swift in Sources */,
				8B34D5012BF7023C00F5C789 /* DewieAppApp.swift in Sources */,
				8BA381BE2C01AB2C00C69814 /* StateManager.swift in Sources */,
				8B71069D2BFDB512008DED13 /* ReportExport.swift in Sources */,
				8B71069B2BFDB4C2008DED13 /* PriorReportView.swift in Sources */,
				8BA381C02C0675C900C69814 /* ReportManager.swift in Sources */,
				8BB2F1CD2BFD5D3F005395D7 /* SubscriptionManager.swift in Sources */,
				8B71069F2BFDB5B7008DED13 /* ReportsView.swift in Sources */,
				8B7106B02C0051CA008DED13 /* WalkAndTurnTestView.swift in Sources */,
				8B34D55D2BF7174600F5C789 /* TypeAliases.swift in Sources */,
				8B7106AE2C0051CA008DED13 /* HGNTestView.swift in Sources */,
				8B34D55B2BF7142E00F5C789 /* Report.swift in Sources */,
			);
			runOnlyForDeploymentPostprocessing = 0;
		};
/* End PBXSourcesBuildPhase section */

/* Begin XCBuildConfiguration section */
		8B34D50B2BF7023D00F5C789 /* Debug */ = {
			isa = XCBuildConfiguration;
			buildSettings = {
				ALWAYS_SEARCH_USER_PATHS = NO;
				ASSETCATALOG_COMPILER_GENERATE_SWIFT_ASSET_SYMBOL_EXTENSIONS = YES;
				CLANG_ANALYZER_NONNULL = YES;
				CLANG_ANALYZER_NUMBER_OBJECT_CONVERSION = YES_AGGRESSIVE;
				CLANG_CXX_LANGUAGE_STANDARD = "gnu++20";
				CLANG_ENABLE_MODULES = YES;
				CLANG_ENABLE_OBJC_ARC = YES;
				CLANG_ENABLE_OBJC_WEAK = YES;
				CLANG_WARN_BLOCK_CAPTURE_AUTORELEASING = YES;
				CLANG_WARN_BOOL_CONVERSION = YES;
				CLANG_WARN_COMMA = YES;
				CLANG_WARN_CONSTANT_CONVERSION = YES;
				CLANG_WARN_DEPRECATED_OBJC_IMPLEMENTATIONS = YES;
				CLANG_WARN_DIRECT_OBJC_ISA_USAGE = YES_ERROR;
				CLANG_WARN_DOCUMENTATION_COMMENTS = YES;
				CLANG_WARN_EMPTY_BODY = YES;
				CLANG_WARN_ENUM_CONVERSION = YES;
				CLANG_WARN_INFINITE_RECURSION = YES;
				CLANG_WARN_INT_CONVERSION = YES;
				CLANG_WARN_NON_LITERAL_NULL_CONVERSION = YES;
				CLANG_WARN_OBJC_IMPLICIT_RETAIN_SELF = YES;
				CLANG_WARN_OBJC_LITERAL_CONVERSION = YES;
				CLANG_WARN_OBJC_ROOT_CLASS = YES_ERROR;
				CLANG_WARN_QUOTED_INCLUDE_IN_FRAMEWORK_HEADER = YES;
				CLANG_WARN_RANGE_LOOP_ANALYSIS = YES;
				CLANG_WARN_STRICT_PROTOTYPES = YES;
				CLANG_WARN_SUSPICIOUS_MOVE = YES;
				CLANG_WARN_UNGUARDED_AVAILABILITY = YES_AGGRESSIVE;
				CLANG_WARN_UNREACHABLE_CODE = YES;
				CLANG_WARN__DUPLICATE_METHOD_MATCH = YES;
				COPY_PHASE_STRIP = NO;
				DEBUG_INFORMATION_FORMAT = dwarf;
				ENABLE_STRICT_OBJC_MSGSEND = YES;
				ENABLE_TESTABILITY = YES;
				ENABLE_USER_SCRIPT_SANDBOXING = YES;
				GCC_C_LANGUAGE_STANDARD = gnu17;
				GCC_DYNAMIC_NO_PIC = NO;
				GCC_NO_COMMON_BLOCKS = YES;
				GCC_OPTIMIZATION_LEVEL = 0;
				GCC_PREPROCESSOR_DEFINITIONS = (
					"DEBUG=1",
					"$(inherited)",
				);
				GCC_WARN_64_TO_32_BIT_CONVERSION = YES;
				GCC_WARN_ABOUT_RETURN_TYPE = YES_ERROR;
				GCC_WARN_UNDECLARED_SELECTOR = YES;
				GCC_WARN_UNINITIALIZED_AUTOS = YES_AGGRESSIVE;
				GCC_WARN_UNUSED_FUNCTION = YES;
				GCC_WARN_UNUSED_VARIABLE = YES;
				IPHONEOS_DEPLOYMENT_TARGET = 17.2;
				LOCALIZATION_PREFERS_STRING_CATALOGS = YES;
				MTL_ENABLE_DEBUG_INFO = INCLUDE_SOURCE;
				MTL_FAST_MATH = YES;
				ONLY_ACTIVE_ARCH = YES;
				SDKROOT = iphoneos;
				SWIFT_ACTIVE_COMPILATION_CONDITIONS = "DEBUG $(inherited)";
				SWIFT_OPTIMIZATION_LEVEL = "-Onone";
			};
			name = Debug;
		};
		8B34D50C2BF7023D00F5C789 /* Release */ = {
			isa = XCBuildConfiguration;
			buildSettings = {
				ALWAYS_SEARCH_USER_PATHS = NO;
				ASSETCATALOG_COMPILER_GENERATE_SWIFT_ASSET_SYMBOL_EXTENSIONS = YES;
				CLANG_ANALYZER_NONNULL = YES;
				CLANG_ANALYZER_NUMBER_OBJECT_CONVERSION = YES_AGGRESSIVE;
				CLANG_CXX_LANGUAGE_STANDARD = "gnu++20";
				CLANG_ENABLE_MODULES = YES;
				CLANG_ENABLE_OBJC_ARC = YES;
				CLANG_ENABLE_OBJC_WEAK = YES;
				CLANG_WARN_BLOCK_CAPTURE_AUTORELEASING = YES;
				CLANG_WARN_BOOL_CONVERSION = YES;
				CLANG_WARN_COMMA = YES;
				CLANG_WARN_CONSTANT_CONVERSION = YES;
				CLANG_WARN_DEPRECATED_OBJC_IMPLEMENTATIONS = YES;
				CLANG_WARN_DIRECT_OBJC_ISA_USAGE = YES_ERROR;
				CLANG_WARN_DOCUMENTATION_COMMENTS = YES;
				CLANG_WARN_EMPTY_BODY = YES;
				CLANG_WARN_ENUM_CONVERSION = YES;
				CLANG_WARN_INFINITE_RECURSION = YES;
				CLANG_WARN_INT_CONVERSION = YES;
				CLANG_WARN_NON_LITERAL_NULL_CONVERSION = YES;
				CLANG_WARN_OBJC_IMPLICIT_RETAIN_SELF = YES;
				CLANG_WARN_OBJC_LITERAL_CONVERSION = YES;
				CLANG_WARN_OBJC_ROOT_CLASS = YES_ERROR;
				CLANG_WARN_QUOTED_INCLUDE_IN_FRAMEWORK_HEADER = YES;
				CLANG_WARN_RANGE_LOOP_ANALYSIS = YES;
				CLANG_WARN_STRICT_PROTOTYPES = YES;
				CLANG_WARN_SUSPICIOUS_MOVE = YES;
				CLANG_WARN_UNGUARDED_AVAILABILITY = YES_AGGRESSIVE;
				CLANG_WARN_UNREACHABLE_CODE = YES;
				CLANG_WARN__DUPLICATE_METHOD_MATCH = YES;
				COPY_PHASE_STRIP = NO;
				DEBUG_INFORMATION_FORMAT = "dwarf-with-dsym";
				ENABLE_NS_ASSERTIONS = NO;
				ENABLE_STRICT_OBJC_MSGSEND = YES;
				ENABLE_USER_SCRIPT_SANDBOXING = YES;
				GCC_C_LANGUAGE_STANDARD = gnu17;
				GCC_NO_COMMON_BLOCKS = YES;
				GCC_WARN_64_TO_32_BIT_CONVERSION = YES;
				GCC_WARN_ABOUT_RETURN_TYPE = YES_ERROR;
				GCC_WARN_UNDECLARED_SELECTOR = YES;
				GCC_WARN_UNINITIALIZED_AUTOS = YES_AGGRESSIVE;
				GCC_WARN_UNUSED_FUNCTION = YES;
				GCC_WARN_UNUSED_VARIABLE = YES;
				IPHONEOS_DEPLOYMENT_TARGET = 17.2;
				LOCALIZATION_PREFERS_STRING_CATALOGS = YES;
				MTL_ENABLE_DEBUG_INFO = NO;
				MTL_FAST_MATH = YES;
				SDKROOT = iphoneos;
				SWIFT_COMPILATION_MODE = wholemodule;
				VALIDATE_PRODUCT = YES;
			};
			name = Release;
		};
		8B34D50E2BF7023D00F5C789 /* Debug */ = {
			isa = XCBuildConfiguration;
			buildSettings = {
				ASSETCATALOG_COMPILER_APPICON_NAME = AppIcon;
				ASSETCATALOG_COMPILER_GLOBAL_ACCENT_COLOR_NAME = AccentColor;
				CODE_SIGN_IDENTITY = "Apple Development";
				CODE_SIGN_STYLE = Automatic;
				CURRENT_PROJECT_VERSION = 4;
				DEVELOPMENT_ASSET_PATHS = "\"DewieApp/Preview Content\"";
				DEVELOPMENT_TEAM = U39ZK6BR9C;
				ENABLE_PREVIEWS = YES;
				GENERATE_INFOPLIST_FILE = YES;
				INFOPLIST_FILE = DewieApp/Info.plist;
				INFOPLIST_KEY_CFBundleDisplayName = Dewie;
				INFOPLIST_KEY_UIApplicationSceneManifest_Generation = YES;
				INFOPLIST_KEY_UIApplicationSupportsIndirectInputEvents = YES;
				INFOPLIST_KEY_UISupportedInterfaceOrientations = UIInterfaceOrientationPortrait;
				INFOPLIST_KEY_UISupportedInterfaceOrientations_iPad = "UIInterfaceOrientationLandscapeLeft UIInterfaceOrientationLandscapeRight UIInterfaceOrientationPortrait UIInterfaceOrientationPortraitUpsideDown";
				LD_RUNPATH_SEARCH_PATHS = (
					"$(inherited)",
					"@executable_path/Frameworks",
				);
				MARKETING_VERSION = 1.0;
				PRODUCT_BUNDLE_IDENTIFIER = app.dewie.dewieapp;
				PRODUCT_NAME = "$(TARGET_NAME)";
				PROVISIONING_PROFILE_SPECIFIER = "";
				SUPPORTED_PLATFORMS = "iphoneos iphonesimulator";
				SUPPORTS_MACCATALYST = NO;
				SUPPORTS_MAC_DESIGNED_FOR_IPHONE_IPAD = NO;
				SUPPORTS_XR_DESIGNED_FOR_IPHONE_IPAD = NO;
				SWIFT_EMIT_LOC_STRINGS = YES;
				SWIFT_VERSION = 5.0;
				TARGETED_DEVICE_FAMILY = 1;
			};
			name = Debug;
		};
		8B34D50F2BF7023D00F5C789 /* Release */ = {
			isa = XCBuildConfiguration;
			buildSettings = {
				ASSETCATALOG_COMPILER_APPICON_NAME = AppIcon;
				ASSETCATALOG_COMPILER_GLOBAL_ACCENT_COLOR_NAME = AccentColor;
				CODE_SIGN_STYLE = Automatic;
				CURRENT_PROJECT_VERSION = 4;
				DEVELOPMENT_ASSET_PATHS = "\"DewieApp/Preview Content\"";
				DEVELOPMENT_TEAM = U39ZK6BR9C;
				ENABLE_PREVIEWS = YES;
				GENERATE_INFOPLIST_FILE = YES;
				INFOPLIST_FILE = DewieApp/Info.plist;
				INFOPLIST_KEY_CFBundleDisplayName = Dewie;
				INFOPLIST_KEY_UIApplicationSceneManifest_Generation = YES;
				INFOPLIST_KEY_UIApplicationSupportsIndirectInputEvents = YES;
				INFOPLIST_KEY_UISupportedInterfaceOrientations = UIInterfaceOrientationPortrait;
				INFOPLIST_KEY_UISupportedInterfaceOrientations_iPad = "UIInterfaceOrientationLandscapeLeft UIInterfaceOrientationLandscapeRight UIInterfaceOrientationPortrait UIInterfaceOrientationPortraitUpsideDown";
				LD_RUNPATH_SEARCH_PATHS = (
					"$(inherited)",
					"@executable_path/Frameworks",
				);
				MARKETING_VERSION = 1.0;
				PRODUCT_BUNDLE_IDENTIFIER = app.dewie.dewieapp;
				PRODUCT_NAME = "$(TARGET_NAME)";
				SUPPORTED_PLATFORMS = "iphoneos iphonesimulator";
				SUPPORTS_MACCATALYST = NO;
				SUPPORTS_MAC_DESIGNED_FOR_IPHONE_IPAD = NO;
				SUPPORTS_XR_DESIGNED_FOR_IPHONE_IPAD = NO;
				SWIFT_EMIT_LOC_STRINGS = YES;
				SWIFT_VERSION = 5.0;
				TARGETED_DEVICE_FAMILY = 1;
			};
			name = Release;
		};
/* End XCBuildConfiguration section */

/* Begin XCConfigurationList section */
		8B34D4F82BF7023C00F5C789 /* Build configuration list for PBXProject "DewieApp" */ = {
			isa = XCConfigurationList;
			buildConfigurations = (
				8B34D50B2BF7023D00F5C789 /* Debug */,
				8B34D50C2BF7023D00F5C789 /* Release */,
			);
			defaultConfigurationIsVisible = 0;
			defaultConfigurationName = Release;
		};
		8B34D50D2BF7023D00F5C789 /* Build configuration list for PBXNativeTarget "DewieApp" */ = {
			isa = XCConfigurationList;
			buildConfigurations = (
				8B34D50E2BF7023D00F5C789 /* Debug */,
				8B34D50F2BF7023D00F5C789 /* Release */,
			);
			defaultConfigurationIsVisible = 0;
			defaultConfigurationName = Release;
		};
/* End XCConfigurationList section */

/* Begin XCRemoteSwiftPackageReference section */
		8BB2F1CE2BFD5D55005395D7 /* XCRemoteSwiftPackageReference "purchases-ios-spm" */ = {
			isa = XCRemoteSwiftPackageReference;
			repositoryURL = "https://github.com/RevenueCat/purchases-ios-spm.git";
			requirement = {
				kind = upToNextMajorVersion;
				minimumVersion = 4.41.2;
			};
		};
/* End XCRemoteSwiftPackageReference section */

/* Begin XCSwiftPackageProductDependency section */
		8BB2F1CF2BFD5D55005395D7 /* ReceiptParser */ = {
			isa = XCSwiftPackageProductDependency;
			package = 8BB2F1CE2BFD5D55005395D7 /* XCRemoteSwiftPackageReference "purchases-ios-spm" */;
			productName = ReceiptParser;
		};
		8BB2F1D12BFD5D55005395D7 /* RevenueCat */ = {
			isa = XCSwiftPackageProductDependency;
			package = 8BB2F1CE2BFD5D55005395D7 /* XCRemoteSwiftPackageReference "purchases-ios-spm" */;
			productName = RevenueCat;
		};
		8BB2F1D32BFD5D55005395D7 /* RevenueCatUI */ = {
			isa = XCSwiftPackageProductDependency;
			package = 8BB2F1CE2BFD5D55005395D7 /* XCRemoteSwiftPackageReference "purchases-ios-spm" */;
			productName = RevenueCatUI;
		};
/* End XCSwiftPackageProductDependency section */
	};
	rootObject = 8B34D4F52BF7023C00F5C789 /* Project object */;
}
